// !$*UTF8*$!
{
	archiveVersion = 1;
	classes = {
	};
	objectVersion = 56;
	objects = {

/* Begin PBXBuildFile section */
		1674B39940B9B4A2B70C01C4 /* Pods_MyChat_MyChatUITests.framework in Frameworks */ = {isa = PBXBuildFile; fileRef = 252DB7E1D01F17A5E4F70987 /* Pods_MyChat_MyChatUITests.framework */; };
		82ECD4C6B4E52706298296B8 /* Pods_MyChatTests.framework in Frameworks */ = {isa = PBXBuildFile; fileRef = 667FE387593239F8E5229F72 /* Pods_MyChatTests.framework */; };
		A050682229B0FD0B002BC1B8 /* AppDelegate.swift in Sources */ = {isa = PBXBuildFile; fileRef = A050682129B0FD0B002BC1B8 /* AppDelegate.swift */; };
		A050682429B0FD0B002BC1B8 /* SceneDelegate.swift in Sources */ = {isa = PBXBuildFile; fileRef = A050682329B0FD0B002BC1B8 /* SceneDelegate.swift */; };
		A050682629B0FD0B002BC1B8 /* ViewController.swift in Sources */ = {isa = PBXBuildFile; fileRef = A050682529B0FD0B002BC1B8 /* ViewController.swift */; };
		A050682929B0FD0B002BC1B8 /* Main.storyboard in Resources */ = {isa = PBXBuildFile; fileRef = A050682729B0FD0B002BC1B8 /* Main.storyboard */; };
		A050682C29B0FD0B002BC1B8 /* MyChat.xcdatamodeld in Sources */ = {isa = PBXBuildFile; fileRef = A050682A29B0FD0B002BC1B8 /* MyChat.xcdatamodeld */; };
		A050682E29B0FD0C002BC1B8 /* Assets.xcassets in Resources */ = {isa = PBXBuildFile; fileRef = A050682D29B0FD0C002BC1B8 /* Assets.xcassets */; };
		A050683129B0FD0C002BC1B8 /* LaunchScreen.storyboard in Resources */ = {isa = PBXBuildFile; fileRef = A050682F29B0FD0C002BC1B8 /* LaunchScreen.storyboard */; };
		A050683C29B0FD0C002BC1B8 /* MyChatTests.swift in Sources */ = {isa = PBXBuildFile; fileRef = A050683B29B0FD0C002BC1B8 /* MyChatTests.swift */; };
		A050684629B0FD0D002BC1B8 /* MyChatUITests.swift in Sources */ = {isa = PBXBuildFile; fileRef = A050684529B0FD0D002BC1B8 /* MyChatUITests.swift */; };
		A050684829B0FD0D002BC1B8 /* MyChatUITestsLaunchTests.swift in Sources */ = {isa = PBXBuildFile; fileRef = A050684729B0FD0D002BC1B8 /* MyChatUITestsLaunchTests.swift */; };
		AD888F03E9B3410A28256693 /* Pods_MyChat.framework in Frameworks */ = {isa = PBXBuildFile; fileRef = 5318F4193079CE68B36C9CD3 /* Pods_MyChat.framework */; };
/* End PBXBuildFile section */

/* Begin PBXContainerItemProxy section */
		A050683829B0FD0C002BC1B8 /* PBXContainerItemProxy */ = {
			isa = PBXContainerItemProxy;
			containerPortal = A050681629B0FD0B002BC1B8 /* Project object */;
			proxyType = 1;
			remoteGlobalIDString = A050681D29B0FD0B002BC1B8;
			remoteInfo = MyChat;
		};
		A050684229B0FD0C002BC1B8 /* PBXContainerItemProxy */ = {
			isa = PBXContainerItemProxy;
			containerPortal = A050681629B0FD0B002BC1B8 /* Project object */;
			proxyType = 1;
			remoteGlobalIDString = A050681D29B0FD0B002BC1B8;
			remoteInfo = MyChat;
		};
/* End PBXContainerItemProxy section */

/* Begin PBXFileReference section */
		098C70C0AF80E3A4BDABCD78 /* Pods-MyChatTests.debug.xcconfig */ = {isa = PBXFileReference; includeInIndex = 1; lastKnownFileType = text.xcconfig; name = "Pods-MyChatTests.debug.xcconfig"; path = "Target Support Files/Pods-MyChatTests/Pods-MyChatTests.debug.xcconfig"; sourceTree = "<group>"; };
		252DB7E1D01F17A5E4F70987 /* Pods_MyChat_MyChatUITests.framework */ = {isa = PBXFileReference; explicitFileType = wrapper.framework; includeInIndex = 0; path = Pods_MyChat_MyChatUITests.framework; sourceTree = BUILT_PRODUCTS_DIR; };
		3EDA8855C23978F2E26F9D93 /* Pods-MyChat-MyChatUITests.debug.xcconfig */ = {isa = PBXFileReference; includeInIndex = 1; lastKnownFileType = text.xcconfig; name = "Pods-MyChat-MyChatUITests.debug.xcconfig"; path = "Target Support Files/Pods-MyChat-MyChatUITests/Pods-MyChat-MyChatUITests.debug.xcconfig"; sourceTree = "<group>"; };
		3F8FDA57181DA3799EFC9948 /* Pods-MyChat-MyChatUITests.release.xcconfig */ = {isa = PBXFileReference; includeInIndex = 1; lastKnownFileType = text.xcconfig; name = "Pods-MyChat-MyChatUITests.release.xcconfig"; path = "Target Support Files/Pods-MyChat-MyChatUITests/Pods-MyChat-MyChatUITests.release.xcconfig"; sourceTree = "<group>"; };
		5318F4193079CE68B36C9CD3 /* Pods_MyChat.framework */ = {isa = PBXFileReference; explicitFileType = wrapper.framework; includeInIndex = 0; path = Pods_MyChat.framework; sourceTree = BUILT_PRODUCTS_DIR; };
		66188BA55BC808C774FE4389 /* Pods-MyChat.release.xcconfig */ = {isa = PBXFileReference; includeInIndex = 1; lastKnownFileType = text.xcconfig; name = "Pods-MyChat.release.xcconfig"; path = "Target Support Files/Pods-MyChat/Pods-MyChat.release.xcconfig"; sourceTree = "<group>"; };
		667FE387593239F8E5229F72 /* Pods_MyChatTests.framework */ = {isa = PBXFileReference; explicitFileType = wrapper.framework; includeInIndex = 0; path = Pods_MyChatTests.framework; sourceTree = BUILT_PRODUCTS_DIR; };
		90C0159A4378647846FD4F5E /* Pods-MyChat.debug.xcconfig */ = {isa = PBXFileReference; includeInIndex = 1; lastKnownFileType = text.xcconfig; name = "Pods-MyChat.debug.xcconfig"; path = "Target Support Files/Pods-MyChat/Pods-MyChat.debug.xcconfig"; sourceTree = "<group>"; };
		A050681E29B0FD0B002BC1B8 /* MyChat.app */ = {isa = PBXFileReference; explicitFileType = wrapper.application; includeInIndex = 0; path = MyChat.app; sourceTree = BUILT_PRODUCTS_DIR; };
		A050682129B0FD0B002BC1B8 /* AppDelegate.swift */ = {isa = PBXFileReference; lastKnownFileType = sourcecode.swift; path = AppDelegate.swift; sourceTree = "<group>"; };
		A050682329B0FD0B002BC1B8 /* SceneDelegate.swift */ = {isa = PBXFileReference; lastKnownFileType = sourcecode.swift; path = SceneDelegate.swift; sourceTree = "<group>"; };
		A050682529B0FD0B002BC1B8 /* ViewController.swift */ = {isa = PBXFileReference; lastKnownFileType = sourcecode.swift; path = ViewController.swift; sourceTree = "<group>"; };
		A050682829B0FD0B002BC1B8 /* Base */ = {isa = PBXFileReference; lastKnownFileType = file.storyboard; name = Base; path = Base.lproj/Main.storyboard; sourceTree = "<group>"; };
		A050682B29B0FD0B002BC1B8 /* MyChat.xcdatamodel */ = {isa = PBXFileReference; lastKnownFileType = wrapper.xcdatamodel; path = MyChat.xcdatamodel; sourceTree = "<group>"; };
		A050682D29B0FD0C002BC1B8 /* Assets.xcassets */ = {isa = PBXFileReference; lastKnownFileType = folder.assetcatalog; path = Assets.xcassets; sourceTree = "<group>"; };
		A050683029B0FD0C002BC1B8 /* Base */ = {isa = PBXFileReference; lastKnownFileType = file.storyboard; name = Base; path = Base.lproj/LaunchScreen.storyboard; sourceTree = "<group>"; };
		A050683229B0FD0C002BC1B8 /* Info.plist */ = {isa = PBXFileReference; lastKnownFileType = text.plist.xml; path = Info.plist; sourceTree = "<group>"; };
		A050683729B0FD0C002BC1B8 /* MyChatTests.xctest */ = {isa = PBXFileReference; explicitFileType = wrapper.cfbundle; includeInIndex = 0; path = MyChatTests.xctest; sourceTree = BUILT_PRODUCTS_DIR; };
		A050683B29B0FD0C002BC1B8 /* MyChatTests.swift */ = {isa = PBXFileReference; lastKnownFileType = sourcecode.swift; path = MyChatTests.swift; sourceTree = "<group>"; };
		A050684129B0FD0C002BC1B8 /* MyChatUITests.xctest */ = {isa = PBXFileReference; explicitFileType = wrapper.cfbundle; includeInIndex = 0; path = MyChatUITests.xctest; sourceTree = BUILT_PRODUCTS_DIR; };
		A050684529B0FD0D002BC1B8 /* MyChatUITests.swift */ = {isa = PBXFileReference; lastKnownFileType = sourcecode.swift; path = MyChatUITests.swift; sourceTree = "<group>"; };
		A050684729B0FD0D002BC1B8 /* MyChatUITestsLaunchTests.swift */ = {isa = PBXFileReference; lastKnownFileType = sourcecode.swift; path = MyChatUITestsLaunchTests.swift; sourceTree = "<group>"; };
		EED3F3C963640545299C9428 /* Pods-MyChatTests.release.xcconfig */ = {isa = PBXFileReference; includeInIndex = 1; lastKnownFileType = text.xcconfig; name = "Pods-MyChatTests.release.xcconfig"; path = "Target Support Files/Pods-MyChatTests/Pods-MyChatTests.release.xcconfig"; sourceTree = "<group>"; };
/* End PBXFileReference section */

/* Begin PBXFrameworksBuildPhase section */
		A050681B29B0FD0B002BC1B8 /* Frameworks */ = {
			isa = PBXFrameworksBuildPhase;
			buildActionMask = 2147483647;
			files = (
				AD888F03E9B3410A28256693 /* Pods_MyChat.framework in Frameworks */,
			);
			runOnlyForDeploymentPostprocessing = 0;
		};
		A050683429B0FD0C002BC1B8 /* Frameworks */ = {
			isa = PBXFrameworksBuildPhase;
			buildActionMask = 2147483647;
			files = (
				82ECD4C6B4E52706298296B8 /* Pods_MyChatTests.framework in Frameworks */,
			);
			runOnlyForDeploymentPostprocessing = 0;
		};
		A050683E29B0FD0C002BC1B8 /* Frameworks */ = {
			isa = PBXFrameworksBuildPhase;
			buildActionMask = 2147483647;
			files = (
				1674B39940B9B4A2B70C01C4 /* Pods_MyChat_MyChatUITests.framework in Frameworks */,
			);
			runOnlyForDeploymentPostprocessing = 0;
		};
/* End PBXFrameworksBuildPhase section */

/* Begin PBXGroup section */
		326ACE809D097A033F7EC91D /* Pods */ = {
			isa = PBXGroup;
			children = (
				90C0159A4378647846FD4F5E /* Pods-MyChat.debug.xcconfig */,
				66188BA55BC808C774FE4389 /* Pods-MyChat.release.xcconfig */,
				3EDA8855C23978F2E26F9D93 /* Pods-MyChat-MyChatUITests.debug.xcconfig */,
				3F8FDA57181DA3799EFC9948 /* Pods-MyChat-MyChatUITests.release.xcconfig */,
				098C70C0AF80E3A4BDABCD78 /* Pods-MyChatTests.debug.xcconfig */,
				EED3F3C963640545299C9428 /* Pods-MyChatTests.release.xcconfig */,
			);
			name = Pods;
			path = Pods;
			sourceTree = "<group>";
		};
		A050681529B0FD0B002BC1B8 = {
			isa = PBXGroup;
			children = (
				A050682029B0FD0B002BC1B8 /* MyChat */,
				A050683A29B0FD0C002BC1B8 /* MyChatTests */,
				A050684429B0FD0D002BC1B8 /* MyChatUITests */,
				A050681F29B0FD0B002BC1B8 /* Products */,
				326ACE809D097A033F7EC91D /* Pods */,
				E968950EE5E0A78B5E505DD9 /* Frameworks */,
			);
			sourceTree = "<group>";
		};
		A050681F29B0FD0B002BC1B8 /* Products */ = {
			isa = PBXGroup;
			children = (
				A050681E29B0FD0B002BC1B8 /* MyChat.app */,
				A050683729B0FD0C002BC1B8 /* MyChatTests.xctest */,
				A050684129B0FD0C002BC1B8 /* MyChatUITests.xctest */,
			);
			name = Products;
			sourceTree = "<group>";
		};
		A050682029B0FD0B002BC1B8 /* MyChat */ = {
			isa = PBXGroup;
			children = (
				A050682129B0FD0B002BC1B8 /* AppDelegate.swift */,
				A050682329B0FD0B002BC1B8 /* SceneDelegate.swift */,
				A050682529B0FD0B002BC1B8 /* ViewController.swift */,
				A050682729B0FD0B002BC1B8 /* Main.storyboard */,
				A050682D29B0FD0C002BC1B8 /* Assets.xcassets */,
				A050682F29B0FD0C002BC1B8 /* LaunchScreen.storyboard */,
				A050683229B0FD0C002BC1B8 /* Info.plist */,
				A050682A29B0FD0B002BC1B8 /* MyChat.xcdatamodeld */,
			);
			path = MyChat;
			sourceTree = "<group>";
		};
		A050683A29B0FD0C002BC1B8 /* MyChatTests */ = {
			isa = PBXGroup;
			children = (
				A050683B29B0FD0C002BC1B8 /* MyChatTests.swift */,
			);
			path = MyChatTests;
			sourceTree = "<group>";
		};
		A050684429B0FD0D002BC1B8 /* MyChatUITests */ = {
			isa = PBXGroup;
			children = (
				A050684529B0FD0D002BC1B8 /* MyChatUITests.swift */,
				A050684729B0FD0D002BC1B8 /* MyChatUITestsLaunchTests.swift */,
			);
			path = MyChatUITests;
			sourceTree = "<group>";
		};
		E968950EE5E0A78B5E505DD9 /* Frameworks */ = {
			isa = PBXGroup;
			children = (
				5318F4193079CE68B36C9CD3 /* Pods_MyChat.framework */,
				252DB7E1D01F17A5E4F70987 /* Pods_MyChat_MyChatUITests.framework */,
				667FE387593239F8E5229F72 /* Pods_MyChatTests.framework */,
			);
			name = Frameworks;
			sourceTree = "<group>";
		};
/* End PBXGroup section */

/* Begin PBXNativeTarget section */
		A050681D29B0FD0B002BC1B8 /* MyChat */ = {
			isa = PBXNativeTarget;
			buildConfigurationList = A050684B29B0FD0D002BC1B8 /* Build configuration list for PBXNativeTarget "MyChat" */;
			buildPhases = (
				D338D1A1F1B0D9A4ED2AC2C8 /* [CP] Check Pods Manifest.lock */,
				A050681A29B0FD0B002BC1B8 /* Sources */,
				A050681B29B0FD0B002BC1B8 /* Frameworks */,
				A050681C29B0FD0B002BC1B8 /* Resources */,
				DFDA704257802EF09C2C24CD /* [CP] Embed Pods Frameworks */,
			);
			buildRules = (
			);
			dependencies = (
			);
			name = MyChat;
			productName = MyChat;
			productReference = A050681E29B0FD0B002BC1B8 /* MyChat.app */;
			productType = "com.apple.product-type.application";
		};
		A050683629B0FD0C002BC1B8 /* MyChatTests */ = {
			isa = PBXNativeTarget;
			buildConfigurationList = A050684E29B0FD0D002BC1B8 /* Build configuration list for PBXNativeTarget "MyChatTests" */;
			buildPhases = (
				EFECCC5BF5C09EA5A8BCC4E3 /* [CP] Check Pods Manifest.lock */,
				A050683329B0FD0C002BC1B8 /* Sources */,
				A050683429B0FD0C002BC1B8 /* Frameworks */,
				A050683529B0FD0C002BC1B8 /* Resources */,
			);
			buildRules = (
			);
			dependencies = (
				A050683929B0FD0C002BC1B8 /* PBXTargetDependency */,
			);
			name = MyChatTests;
			productName = MyChatTests;
			productReference = A050683729B0FD0C002BC1B8 /* MyChatTests.xctest */;
			productType = "com.apple.product-type.bundle.unit-test";
		};
		A050684029B0FD0C002BC1B8 /* MyChatUITests */ = {
			isa = PBXNativeTarget;
			buildConfigurationList = A050685129B0FD0D002BC1B8 /* Build configuration list for PBXNativeTarget "MyChatUITests" */;
			buildPhases = (
				0190452EBBA2148797C86394 /* [CP] Check Pods Manifest.lock */,
				A050683D29B0FD0C002BC1B8 /* Sources */,
				A050683E29B0FD0C002BC1B8 /* Frameworks */,
				A050683F29B0FD0C002BC1B8 /* Resources */,
				AA292512EAD3BE9109AE7794 /* [CP] Embed Pods Frameworks */,
			);
			buildRules = (
			);
			dependencies = (
				A050684329B0FD0C002BC1B8 /* PBXTargetDependency */,
			);
			name = MyChatUITests;
			productName = MyChatUITests;
			productReference = A050684129B0FD0C002BC1B8 /* MyChatUITests.xctest */;
			productType = "com.apple.product-type.bundle.ui-testing";
		};
/* End PBXNativeTarget section */

/* Begin PBXProject section */
		A050681629B0FD0B002BC1B8 /* Project object */ = {
			isa = PBXProject;
			attributes = {
				BuildIndependentTargetsInParallel = 1;
				LastSwiftUpdateCheck = 1420;
				LastUpgradeCheck = 1420;
				TargetAttributes = {
					A050681D29B0FD0B002BC1B8 = {
						CreatedOnToolsVersion = 14.2;
					};
					A050683629B0FD0C002BC1B8 = {
						CreatedOnToolsVersion = 14.2;
						TestTargetID = A050681D29B0FD0B002BC1B8;
					};
					A050684029B0FD0C002BC1B8 = {
						CreatedOnToolsVersion = 14.2;
						TestTargetID = A050681D29B0FD0B002BC1B8;
					};
				};
			};
			buildConfigurationList = A050681929B0FD0B002BC1B8 /* Build configuration list for PBXProject "MyChat" */;
			compatibilityVersion = "Xcode 14.0";
			developmentRegion = en;
			hasScannedForEncodings = 0;
			knownRegions = (
				en,
				Base,
			);
			mainGroup = A050681529B0FD0B002BC1B8;
			productRefGroup = A050681F29B0FD0B002BC1B8 /* Products */;
			projectDirPath = "";
			projectRoot = "";
			targets = (
				A050681D29B0FD0B002BC1B8 /* MyChat */,
				A050683629B0FD0C002BC1B8 /* MyChatTests */,
				A050684029B0FD0C002BC1B8 /* MyChatUITests */,
			);
		};
/* End PBXProject section */

/* Begin PBXResourcesBuildPhase section */
		A050681C29B0FD0B002BC1B8 /* Resources */ = {
			isa = PBXResourcesBuildPhase;
			buildActionMask = 2147483647;
			files = (
				A050683129B0FD0C002BC1B8 /* LaunchScreen.storyboard in Resources */,
				A050682E29B0FD0C002BC1B8 /* Assets.xcassets in Resources */,
				A050682929B0FD0B002BC1B8 /* Main.storyboard in Resources */,
			);
			runOnlyForDeploymentPostprocessing = 0;
		};
		A050683529B0FD0C002BC1B8 /* Resources */ = {
			isa = PBXResourcesBuildPhase;
			buildActionMask = 2147483647;
			files = (
			);
			runOnlyForDeploymentPostprocessing = 0;
		};
		A050683F29B0FD0C002BC1B8 /* Resources */ = {
			isa = PBXResourcesBuildPhase;
			buildActionMask = 2147483647;
			files = (
			);
			runOnlyForDeploymentPostprocessing = 0;
		};
/* End PBXResourcesBuildPhase section */

/* Begin PBXShellScriptBuildPhase section */
		0190452EBBA2148797C86394 /* [CP] Check Pods Manifest.lock */ = {
			isa = PBXShellScriptBuildPhase;
			buildActionMask = 2147483647;
			files = (
			);
			inputFileListPaths = (
			);
			inputPaths = (
				"${PODS_PODFILE_DIR_PATH}/Podfile.lock",
				"${PODS_ROOT}/Manifest.lock",
			);
			name = "[CP] Check Pods Manifest.lock";
			outputFileListPaths = (
			);
			outputPaths = (
				"$(DERIVED_FILE_DIR)/Pods-MyChat-MyChatUITests-checkManifestLockResult.txt",
			);
			runOnlyForDeploymentPostprocessing = 0;
			shellPath = /bin/sh;
			shellScript = "diff \"${PODS_PODFILE_DIR_PATH}/Podfile.lock\" \"${PODS_ROOT}/Manifest.lock\" > /dev/null\nif [ $? != 0 ] ; then\n    # print error to STDERR\n    echo \"error: The sandbox is not in sync with the Podfile.lock. Run 'pod install' or update your CocoaPods installation.\" >&2\n    exit 1\nfi\n# This output is used by Xcode 'outputs' to avoid re-running this script phase.\necho \"SUCCESS\" > \"${SCRIPT_OUTPUT_FILE_0}\"\n";
			showEnvVarsInLog = 0;
		};
		AA292512EAD3BE9109AE7794 /* [CP] Embed Pods Frameworks */ = {
			isa = PBXShellScriptBuildPhase;
			buildActionMask = 2147483647;
			files = (
			);
			inputFileListPaths = (
				"${PODS_ROOT}/Target Support Files/Pods-MyChat-MyChatUITests/Pods-MyChat-MyChatUITests-frameworks-${CONFIGURATION}-input-files.xcfilelist",
			);
			name = "[CP] Embed Pods Frameworks";
			outputFileListPaths = (
				"${PODS_ROOT}/Target Support Files/Pods-MyChat-MyChatUITests/Pods-MyChat-MyChatUITests-frameworks-${CONFIGURATION}-output-files.xcfilelist",
			);
			runOnlyForDeploymentPostprocessing = 0;
			shellPath = /bin/sh;
			shellScript = "\"${PODS_ROOT}/Target Support Files/Pods-MyChat-MyChatUITests/Pods-MyChat-MyChatUITests-frameworks.sh\"\n";
			showEnvVarsInLog = 0;
		};
		D338D1A1F1B0D9A4ED2AC2C8 /* [CP] Check Pods Manifest.lock */ = {
			isa = PBXShellScriptBuildPhase;
			buildActionMask = 2147483647;
			files = (
			);
			inputFileListPaths = (
			);
			inputPaths = (
				"${PODS_PODFILE_DIR_PATH}/Podfile.lock",
				"${PODS_ROOT}/Manifest.lock",
			);
			name = "[CP] Check Pods Manifest.lock";
			outputFileListPaths = (
			);
			outputPaths = (
				"$(DERIVED_FILE_DIR)/Pods-MyChat-checkManifestLockResult.txt",
			);
			runOnlyForDeploymentPostprocessing = 0;
			shellPath = /bin/sh;
			shellScript = "diff \"${PODS_PODFILE_DIR_PATH}/Podfile.lock\" \"${PODS_ROOT}/Manifest.lock\" > /dev/null\nif [ $? != 0 ] ; then\n    # print error to STDERR\n    echo \"error: The sandbox is not in sync with the Podfile.lock. Run 'pod install' or update your CocoaPods installation.\" >&2\n    exit 1\nfi\n# This output is used by Xcode 'outputs' to avoid re-running this script phase.\necho \"SUCCESS\" > \"${SCRIPT_OUTPUT_FILE_0}\"\n";
			showEnvVarsInLog = 0;
		};
		DFDA704257802EF09C2C24CD /* [CP] Embed Pods Frameworks */ = {
			isa = PBXShellScriptBuildPhase;
			buildActionMask = 2147483647;
			files = (
			);
			inputFileListPaths = (
				"${PODS_ROOT}/Target Support Files/Pods-MyChat/Pods-MyChat-frameworks-${CONFIGURATION}-input-files.xcfilelist",
			);
			name = "[CP] Embed Pods Frameworks";
			outputFileListPaths = (
				"${PODS_ROOT}/Target Support Files/Pods-MyChat/Pods-MyChat-frameworks-${CONFIGURATION}-output-files.xcfilelist",
			);
			runOnlyForDeploymentPostprocessing = 0;
			shellPath = /bin/sh;
			shellScript = "\"${PODS_ROOT}/Target Support Files/Pods-MyChat/Pods-MyChat-frameworks.sh\"\n";
			showEnvVarsInLog = 0;
		};
		EFECCC5BF5C09EA5A8BCC4E3 /* [CP] Check Pods Manifest.lock */ = {
			isa = PBXShellScriptBuildPhase;
			buildActionMask = 2147483647;
			files = (
			);
			inputFileListPaths = (
			);
			inputPaths = (
				"${PODS_PODFILE_DIR_PATH}/Podfile.lock",
				"${PODS_ROOT}/Manifest.lock",
			);
			name = "[CP] Check Pods Manifest.lock";
			outputFileListPaths = (
			);
			outputPaths = (
				"$(DERIVED_FILE_DIR)/Pods-MyChatTests-checkManifestLockResult.txt",
			);
			runOnlyForDeploymentPostprocessing = 0;
			shellPath = /bin/sh;
			shellScript = "diff \"${PODS_PODFILE_DIR_PATH}/Podfile.lock\" \"${PODS_ROOT}/Manifest.lock\" > /dev/null\nif [ $? != 0 ] ; then\n    # print error to STDERR\n    echo \"error: The sandbox is not in sync with the Podfile.lock. Run 'pod install' or update your CocoaPods installation.\" >&2\n    exit 1\nfi\n# This output is used by Xcode 'outputs' to avoid re-running this script phase.\necho \"SUCCESS\" > \"${SCRIPT_OUTPUT_FILE_0}\"\n";
			showEnvVarsInLog = 0;
		};
/* End PBXShellScriptBuildPhase section */

/* Begin PBXSourcesBuildPhase section */
		A050681A29B0FD0B002BC1B8 /* Sources */ = {
			isa = PBXSourcesBuildPhase;
			buildActionMask = 2147483647;
			files = (
				A050682629B0FD0B002BC1B8 /* ViewController.swift in Sources */,
				A050682C29B0FD0B002BC1B8 /* MyChat.xcdatamodeld in Sources */,
				A050682229B0FD0B002BC1B8 /* AppDelegate.swift in Sources */,
				A050682429B0FD0B002BC1B8 /* SceneDelegate.swift in Sources */,
			);
			runOnlyForDeploymentPostprocessing = 0;
		};
		A050683329B0FD0C002BC1B8 /* Sources */ = {
			isa = PBXSourcesBuildPhase;
			buildActionMask = 2147483647;
			files = (
				A050683C29B0FD0C002BC1B8 /* MyChatTests.swift in Sources */,
			);
			runOnlyForDeploymentPostprocessing = 0;
		};
		A050683D29B0FD0C002BC1B8 /* Sources */ = {
			isa = PBXSourcesBuildPhase;
			buildActionMask = 2147483647;
			files = (
				A050684829B0FD0D002BC1B8 /* MyChatUITestsLaunchTests.swift in Sources */,
				A050684629B0FD0D002BC1B8 /* MyChatUITests.swift in Sources */,
			);
			runOnlyForDeploymentPostprocessing = 0;
		};
/* End PBXSourcesBuildPhase section */

/* Begin PBXTargetDependency section */
		A050683929B0FD0C002BC1B8 /* PBXTargetDependency */ = {
			isa = PBXTargetDependency;
			target = A050681D29B0FD0B002BC1B8 /* MyChat */;
			targetProxy = A050683829B0FD0C002BC1B8 /* PBXContainerItemProxy */;
		};
		A050684329B0FD0C002BC1B8 /* PBXTargetDependency */ = {
			isa = PBXTargetDependency;
			target = A050681D29B0FD0B002BC1B8 /* MyChat */;
			targetProxy = A050684229B0FD0C002BC1B8 /* PBXContainerItemProxy */;
		};
/* End PBXTargetDependency section */

/* Begin PBXVariantGroup section */
		A050682729B0FD0B002BC1B8 /* Main.storyboard */ = {
			isa = PBXVariantGroup;
			children = (
				A050682829B0FD0B002BC1B8 /* Base */,
			);
			name = Main.storyboard;
			sourceTree = "<group>";
		};
		A050682F29B0FD0C002BC1B8 /* LaunchScreen.storyboard */ = {
			isa = PBXVariantGroup;
			children = (
				A050683029B0FD0C002BC1B8 /* Base */,
			);
			name = LaunchScreen.storyboard;
			sourceTree = "<group>";
		};
/* End PBXVariantGroup section */

/* Begin XCBuildConfiguration section */
		A050684929B0FD0D002BC1B8 /* Debug */ = {
			isa = XCBuildConfiguration;
			buildSettings = {
				ALWAYS_SEARCH_USER_PATHS = NO;
				CLANG_ANALYZER_NONNULL = YES;
				CLANG_ANALYZER_NUMBER_OBJECT_CONVERSION = YES_AGGRESSIVE;
				CLANG_CXX_LANGUAGE_STANDARD = "gnu++20";
				CLANG_ENABLE_MODULES = YES;
				CLANG_ENABLE_OBJC_ARC = YES;
				CLANG_ENABLE_OBJC_WEAK = YES;
				CLANG_WARN_BLOCK_CAPTURE_AUTORELEASING = YES;
				CLANG_WARN_BOOL_CONVERSION = YES;
				CLANG_WARN_COMMA = YES;
				CLANG_WARN_CONSTANT_CONVERSION = YES;
				CLANG_WARN_DEPRECATED_OBJC_IMPLEMENTATIONS = YES;
				CLANG_WARN_DIRECT_OBJC_ISA_USAGE = YES_ERROR;
				CLANG_WARN_DOCUMENTATION_COMMENTS = YES;
				CLANG_WARN_EMPTY_BODY = YES;
				CLANG_WARN_ENUM_CONVERSION = YES;
				CLANG_WARN_INFINITE_RECURSION = YES;
				CLANG_WARN_INT_CONVERSION = YES;
				CLANG_WARN_NON_LITERAL_NULL_CONVERSION = YES;
				CLANG_WARN_OBJC_IMPLICIT_RETAIN_SELF = YES;
				CLANG_WARN_OBJC_LITERAL_CONVERSION = YES;
				CLANG_WARN_OBJC_ROOT_CLASS = YES_ERROR;
				CLANG_WARN_QUOTED_INCLUDE_IN_FRAMEWORK_HEADER = YES;
				CLANG_WARN_RANGE_LOOP_ANALYSIS = YES;
				CLANG_WARN_STRICT_PROTOTYPES = YES;
				CLANG_WARN_SUSPICIOUS_MOVE = YES;
				CLANG_WARN_UNGUARDED_AVAILABILITY = YES_AGGRESSIVE;
				CLANG_WARN_UNREACHABLE_CODE = YES;
				CLANG_WARN__DUPLICATE_METHOD_MATCH = YES;
				COPY_PHASE_STRIP = NO;
				DEBUG_INFORMATION_FORMAT = dwarf;
				ENABLE_STRICT_OBJC_MSGSEND = YES;
				ENABLE_TESTABILITY = YES;
				GCC_C_LANGUAGE_STANDARD = gnu11;
				GCC_DYNAMIC_NO_PIC = NO;
				GCC_NO_COMMON_BLOCKS = YES;
				GCC_OPTIMIZATION_LEVEL = 0;
				GCC_PREPROCESSOR_DEFINITIONS = (
					"DEBUG=1",
					"$(inherited)",
				);
				GCC_WARN_64_TO_32_BIT_CONVERSION = YES;
				GCC_WARN_ABOUT_RETURN_TYPE = YES_ERROR;
				GCC_WARN_UNDECLARED_SELECTOR = YES;
				GCC_WARN_UNINITIALIZED_AUTOS = YES_AGGRESSIVE;
				GCC_WARN_UNUSED_FUNCTION = YES;
				GCC_WARN_UNUSED_VARIABLE = YES;
				IPHONEOS_DEPLOYMENT_TARGET = 13.1;
				MTL_ENABLE_DEBUG_INFO = INCLUDE_SOURCE;
				MTL_FAST_MATH = YES;
				ONLY_ACTIVE_ARCH = YES;
				SDKROOT = iphoneos;
				SWIFT_ACTIVE_COMPILATION_CONDITIONS = DEBUG;
				SWIFT_OPTIMIZATION_LEVEL = "-Onone";
			};
			name = Debug;
		};
		A050684A29B0FD0D002BC1B8 /* Release */ = {
			isa = XCBuildConfiguration;
			buildSettings = {
				ALWAYS_SEARCH_USER_PATHS = NO;
				CLANG_ANALYZER_NONNULL = YES;
				CLANG_ANALYZER_NUMBER_OBJECT_CONVERSION = YES_AGGRESSIVE;
				CLANG_CXX_LANGUAGE_STANDARD = "gnu++20";
				CLANG_ENABLE_MODULES = YES;
				CLANG_ENABLE_OBJC_ARC = YES;
				CLANG_ENABLE_OBJC_WEAK = YES;
				CLANG_WARN_BLOCK_CAPTURE_AUTORELEASING = YES;
				CLANG_WARN_BOOL_CONVERSION = YES;
				CLANG_WARN_COMMA = YES;
				CLANG_WARN_CONSTANT_CONVERSION = YES;
				CLANG_WARN_DEPRECATED_OBJC_IMPLEMENTATIONS = YES;
				CLANG_WARN_DIRECT_OBJC_ISA_USAGE = YES_ERROR;
				CLANG_WARN_DOCUMENTATION_COMMENTS = YES;
				CLANG_WARN_EMPTY_BODY = YES;
				CLANG_WARN_ENUM_CONVERSION = YES;
				CLANG_WARN_INFINITE_RECURSION = YES;
				CLANG_WARN_INT_CONVERSION = YES;
				CLANG_WARN_NON_LITERAL_NULL_CONVERSION = YES;
				CLANG_WARN_OBJC_IMPLICIT_RETAIN_SELF = YES;
				CLANG_WARN_OBJC_LITERAL_CONVERSION = YES;
				CLANG_WARN_OBJC_ROOT_CLASS = YES_ERROR;
				CLANG_WARN_QUOTED_INCLUDE_IN_FRAMEWORK_HEADER = YES;
				CLANG_WARN_RANGE_LOOP_ANALYSIS = YES;
				CLANG_WARN_STRICT_PROTOTYPES = YES;
				CLANG_WARN_SUSPICIOUS_MOVE = YES;
				CLANG_WARN_UNGUARDED_AVAILABILITY = YES_AGGRESSIVE;
				CLANG_WARN_UNREACHABLE_CODE = YES;
				CLANG_WARN__DUPLICATE_METHOD_MATCH = YES;
				COPY_PHASE_STRIP = NO;
				DEBUG_INFORMATION_FORMAT = "dwarf-with-dsym";
				ENABLE_NS_ASSERTIONS = NO;
				ENABLE_STRICT_OBJC_MSGSEND = YES;
				GCC_C_LANGUAGE_STANDARD = gnu11;
				GCC_NO_COMMON_BLOCKS = YES;
				GCC_WARN_64_TO_32_BIT_CONVERSION = YES;
				GCC_WARN_ABOUT_RETURN_TYPE = YES_ERROR;
				GCC_WARN_UNDECLARED_SELECTOR = YES;
				GCC_WARN_UNINITIALIZED_AUTOS = YES_AGGRESSIVE;
				GCC_WARN_UNUSED_FUNCTION = YES;
				GCC_WARN_UNUSED_VARIABLE = YES;
				IPHONEOS_DEPLOYMENT_TARGET = 13.1;
				MTL_ENABLE_DEBUG_INFO = NO;
				MTL_FAST_MATH = YES;
				SDKROOT = iphoneos;
				SWIFT_COMPILATION_MODE = wholemodule;
				SWIFT_OPTIMIZATION_LEVEL = "-O";
				VALIDATE_PRODUCT = YES;
			};
			name = Release;
		};
		A050684C29B0FD0D002BC1B8 /* Debug */ = {
			isa = XCBuildConfiguration;
			baseConfigurationReference = 90C0159A4378647846FD4F5E /* Pods-MyChat.debug.xcconfig */;
			buildSettings = {
				ASSETCATALOG_COMPILER_APPICON_NAME = AppIcon;
				ASSETCATALOG_COMPILER_GLOBAL_ACCENT_COLOR_NAME = AccentColor;
				CODE_SIGN_STYLE = Automatic;
				CURRENT_PROJECT_VERSION = 1;
				DEVELOPMENT_TEAM = NJJP7TZ447;
				GENERATE_INFOPLIST_FILE = YES;
				INFOPLIST_FILE = MyChat/Info.plist;
				INFOPLIST_KEY_UIApplicationSupportsIndirectInputEvents = YES;
				INFOPLIST_KEY_UILaunchStoryboardName = LaunchScreen;
				INFOPLIST_KEY_UIMainStoryboardFile = Main;
				INFOPLIST_KEY_UISupportedInterfaceOrientations_iPad = "UIInterfaceOrientationPortrait UIInterfaceOrientationPortraitUpsideDown UIInterfaceOrientationLandscapeLeft UIInterfaceOrientationLandscapeRight";
				INFOPLIST_KEY_UISupportedInterfaceOrientations_iPhone = "UIInterfaceOrientationPortrait UIInterfaceOrientationLandscapeLeft UIInterfaceOrientationLandscapeRight";
				IPHONEOS_DEPLOYMENT_TARGET = 13.1;
				LD_RUNPATH_SEARCH_PATHS = (
					"$(inherited)",
					"@executable_path/Frameworks",
				);
				MARKETING_VERSION = 1.0;
				PRODUCT_BUNDLE_IDENTIFIER = com.xabdaz.MyChat;
				PRODUCT_NAME = "$(TARGET_NAME)";
				SWIFT_EMIT_LOC_STRINGS = YES;
				SWIFT_VERSION = 5.0;
				TARGETED_DEVICE_FAMILY = "1,2";
			};
			name = Debug;
		};
		A050684D29B0FD0D002BC1B8 /* Release */ = {
			isa = XCBuildConfiguration;
			baseConfigurationReference = 66188BA55BC808C774FE4389 /* Pods-MyChat.release.xcconfig */;
			buildSettings = {
				ASSETCATALOG_COMPILER_APPICON_NAME = AppIcon;
				ASSETCATALOG_COMPILER_GLOBAL_ACCENT_COLOR_NAME = AccentColor;
				CODE_SIGN_STYLE = Automatic;
				CURRENT_PROJECT_VERSION = 1;
				DEVELOPMENT_TEAM = NJJP7TZ447;
				GENERATE_INFOPLIST_FILE = YES;
				INFOPLIST_FILE = MyChat/Info.plist;
				INFOPLIST_KEY_UIApplicationSupportsIndirectInputEvents = YES;
				INFOPLIST_KEY_UILaunchStoryboardName = LaunchScreen;
				INFOPLIST_KEY_UIMainStoryboardFile = Main;
				INFOPLIST_KEY_UISupportedInterfaceOrientations_iPad = "UIInterfaceOrientationPortrait UIInterfaceOrientationPortraitUpsideDown UIInterfaceOrientationLandscapeLeft UIInterfaceOrientationLandscapeRight";
				INFOPLIST_KEY_UISupportedInterfaceOrientations_iPhone = "UIInterfaceOrientationPortrait UIInterfaceOrientationLandscapeLeft UIInterfaceOrientationLandscapeRight";
				IPHONEOS_DEPLOYMENT_TARGET = 13.1;
				LD_RUNPATH_SEARCH_PATHS = (
					"$(inherited)",
					"@executable_path/Frameworks",
				);
				MARKETING_VERSION = 1.0;
				PRODUCT_BUNDLE_IDENTIFIER = com.xabdaz.MyChat;
				PRODUCT_NAME = "$(TARGET_NAME)";
				SWIFT_EMIT_LOC_STRINGS = YES;
				SWIFT_VERSION = 5.0;
				TARGETED_DEVICE_FAMILY = "1,2";
			};
			name = Release;
		};
		A050684F29B0FD0D002BC1B8 /* Debug */ = {
			isa = XCBuildConfiguration;
			baseConfigurationReference = 098C70C0AF80E3A4BDABCD78 /* Pods-MyChatTests.debug.xcconfig */;
			buildSettings = {
				ALWAYS_EMBED_SWIFT_STANDARD_LIBRARIES = YES;
				BUNDLE_LOADER = "$(TEST_HOST)";
				CODE_SIGN_STYLE = Automatic;
				CURRENT_PROJECT_VERSION = 1;
				DEVELOPMENT_TEAM = NJJP7TZ447;
				GENERATE_INFOPLIST_FILE = YES;
				IPHONEOS_DEPLOYMENT_TARGET = 16.2;
				MARKETING_VERSION = 1.0;
				PRODUCT_BUNDLE_IDENTIFIER = com.xabdaz.MyChatTests;
				PRODUCT_NAME = "$(TARGET_NAME)";
				SWIFT_EMIT_LOC_STRINGS = NO;
				SWIFT_VERSION = 5.0;
				TARGETED_DEVICE_FAMILY = "1,2";
				TEST_HOST = "$(BUILT_PRODUCTS_DIR)/MyChat.app/$(BUNDLE_EXECUTABLE_FOLDER_PATH)/MyChat";
			};
			name = Debug;
		};
		A050685029B0FD0D002BC1B8 /* Release */ = {
			isa = XCBuildConfiguration;
			baseConfigurationReference = EED3F3C963640545299C9428 /* Pods-MyChatTests.release.xcconfig */;
			buildSettings = {
				ALWAYS_EMBED_SWIFT_STANDARD_LIBRARIES = YES;
				BUNDLE_LOADER = "$(TEST_HOST)";
				CODE_SIGN_STYLE = Automatic;
				CURRENT_PROJECT_VERSION = 1;
				DEVELOPMENT_TEAM = NJJP7TZ447;
				GENERATE_INFOPLIST_FILE = YES;
				IPHONEOS_DEPLOYMENT_TARGET = 16.2;
				MARKETING_VERSION = 1.0;
				PRODUCT_BUNDLE_IDENTIFIER = com.xabdaz.MyChatTests;
				PRODUCT_NAME = "$(TARGET_NAME)";
				SWIFT_EMIT_LOC_STRINGS = NO;
				SWIFT_VERSION = 5.0;
				TARGETED_DEVICE_FAMILY = "1,2";
				TEST_HOST = "$(BUILT_PRODUCTS_DIR)/MyChat.app/$(BUNDLE_EXECUTABLE_FOLDER_PATH)/MyChat";
			};
			name = Release;
		};
		A050685229B0FD0D002BC1B8 /* Debug */ = {
			isa = XCBuildConfiguration;
			baseConfigurationReference = 3EDA8855C23978F2E26F9D93 /* Pods-MyChat-MyChatUITests.debug.xcconfig */;
			buildSettings = {
				ALWAYS_EMBED_SWIFT_STANDARD_LIBRARIES = YES;
				CODE_SIGN_STYLE = Automatic;
				CURRENT_PROJECT_VERSION = 1;
				DEVELOPMENT_TEAM = NJJP7TZ447;
				GENERATE_INFOPLIST_FILE = YES;
				MARKETING_VERSION = 1.0;
				PRODUCT_BUNDLE_IDENTIFIER = com.xabdaz.MyChatUITests;
				PRODUCT_NAME = "$(TARGET_NAME)";
				SWIFT_EMIT_LOC_STRINGS = NO;
				SWIFT_VERSION = 5.0;
				TARGETED_DEVICE_FAMILY = "1,2";
				TEST_TARGET_NAME = MyChat;
			};
			name = Debug;
		};
		A050685329B0FD0D002BC1B8 /* Release */ = {
			isa = XCBuildConfiguration;
			baseConfigurationReference = 3F8FDA57181DA3799EFC9948 /* Pods-MyChat-MyChatUITests.release.xcconfig */;
			buildSettings = {
				ALWAYS_EMBED_SWIFT_STANDARD_LIBRARIES = YES;
				CODE_SIGN_STYLE = Automatic;
				CURRENT_PROJECT_VERSION = 1;
				DEVELOPMENT_TEAM = NJJP7TZ447;
				GENERATE_INFOPLIST_FILE = YES;
				MARKETING_VERSION = 1.0;
				PRODUCT_BUNDLE_IDENTIFIER = com.xabdaz.MyChatUITests;
				PRODUCT_NAME = "$(TARGET_NAME)";
				SWIFT_EMIT_LOC_STRINGS = NO;
				SWIFT_VERSION = 5.0;
				TARGETED_DEVICE_FAMILY = "1,2";
				TEST_TARGET_NAME = MyChat;
			};
			name = Release;
		};
/* End XCBuildConfiguration section */

/* Begin XCConfigurationList section */
		A050681929B0FD0B002BC1B8 /* Build configuration list for PBXProject "MyChat" */ = {
			isa = XCConfigurationList;
			buildConfigurations = (
				A050684929B0FD0D002BC1B8 /* Debug */,
				A050684A29B0FD0D002BC1B8 /* Release */,
			);
			defaultConfigurationIsVisible = 0;
			defaultConfigurationName = Release;
		};
		A050684B29B0FD0D002BC1B8 /* Build configuration list for PBXNativeTarget "MyChat" */ = {
			isa = XCConfigurationList;
			buildConfigurations = (
				A050684C29B0FD0D002BC1B8 /* Debug */,
				A050684D29B0FD0D002BC1B8 /* Release */,
			);
			defaultConfigurationIsVisible = 0;
			defaultConfigurationName = Release;
		};
		A050684E29B0FD0D002BC1B8 /* Build configuration list for PBXNativeTarget "MyChatTests" */ = {
			isa = XCConfigurationList;
			buildConfigurations = (
				A050684F29B0FD0D002BC1B8 /* Debug */,
				A050685029B0FD0D002BC1B8 /* Release */,
			);
			defaultConfigurationIsVisible = 0;
			defaultConfigurationName = Release;
		};
		A050685129B0FD0D002BC1B8 /* Build configuration list for PBXNativeTarget "MyChatUITests" */ = {
			isa = XCConfigurationList;
			buildConfigurations = (
				A050685229B0FD0D002BC1B8 /* Debug */,
				A050685329B0FD0D002BC1B8 /* Release */,
			);
			defaultConfigurationIsVisible = 0;
			defaultConfigurationName = Release;
		};
/* End XCConfigurationList section */

/* Begin XCVersionGroup section */
		A050682A29B0FD0B002BC1B8 /* MyChat.xcdatamodeld */ = {
			isa = XCVersionGroup;
			children = (
				A050682B29B0FD0B002BC1B8 /* MyChat.xcdatamodel */,
			);
			currentVersion = A050682B29B0FD0B002BC1B8 /* MyChat.xcdatamodel */;
			path = MyChat.xcdatamodeld;
			sourceTree = "<group>";
			versionGroupType = wrapper.xcdatamodel;
		};
/* End XCVersionGroup section */
	};
	rootObject = A050681629B0FD0B002BC1B8 /* Project object */;
}
